
Microsoft Visual Studio Solution File, Format Version 12.00
# Visual Studio Version 17
VisualStudioVersion = 17.9.34728.123
MinimumVisualStudioVersion = 10.0.40219.1
Project("{8BC9CEB8-8B4A-11D0-8D11-00A0C91BC942}") = "SDFCollision", "SDFCollision\SDFCollision.vcxproj", "{8525DB88-E3C2-4125-8D95-2B8C1EE49E10}"
EndProject
Global
	GlobalSection(SolutionConfigurationPlatforms) = preSolution
		Debug|x64 = Debug|x64
		Debug|x86 = Debug|x86
		Release|x64 = Release|x64
		Release|x86 = Release|x86
	EndGlobalSection
	GlobalSection(ProjectConfigurationPlatforms) = postSolution
		{8525DB88-E3C2-4125-8D95-2B8C1EE49E10}.Debug|x64.ActiveCfg = Debug|x64
		{8525DB88-E3C2-4125-8D95-2B8C1EE49E10}.Debug|x64.Build.0 = Debug|x64
		{8525DB88-E3C2-4125-8D95-2B8C1EE49E10}.Debug|x86.ActiveCfg = Debug|Win32
		{8525DB88-E3C2-4125-8D95-2B8C1EE49E10}.Debug|x86.Build.0 = Debug|Win32
		{8525DB88-E3C2-4125-8D95-2B8C1EE49E10}.Release|x64.ActiveCfg = Release|x64
		{8525DB88-E3C2-4125-8D95-2B8C1EE49E10}.Release|x64.Build.0 = Release|x64
		{8525DB88-E3C2-4125-8D95-2B8C1EE49E10}.Release|x86.ActiveCfg = Release|Win32
		{8525DB88-E3C2-4125-8D95-2B8C1EE49E10}.Release|x86.Build.0 = Release|Win32
	EndGlobalSection
	GlobalSection(SolutionProperties) = preSolution
		HideSolutionNode = FALSE
	EndGlobalSection
	GlobalSection(ExtensibilityGlobals) = postSolution
		SolutionGuid = {62A0E8BE-ACCD-44BC-AF04-8BDD48F664D1}
	EndGlobalSection
EndGlobal
